
Microsoft Visual Studio Solution File, Format Version 12.00
# Visual Studio Version 16
VisualStudioVersion = 16.0.31112.23
MinimumVisualStudioVersion = 10.0.40219.1
Project("{FAE04EC0-301F-11D3-BF4B-00C04F79EFBC}") = "testingGit", "testingGit.csproj", "{6C114C37-C0C9-4E40-9238-3B89E44C959D}"
EndProject
Global
	GlobalSection(SolutionConfigurationPlatforms) = preSolution
		Debug|Any CPU = Debug|Any CPU
		Release|Any CPU = Release|Any CPU
	EndGlobalSection
	GlobalSection(ProjectConfigurationPlatforms) = postSolution
		{6C114C37-C0C9-4E40-9238-3B89E44C959D}.Debug|Any CPU.ActiveCfg = Debug|Any CPU
		{6C114C37-C0C9-4E40-9238-3B89E44C959D}.Debug|Any CPU.Build.0 = Debug|Any CPU
		{6C114C37-C0C9-4E40-9238-3B89E44C959D}.Release|Any CPU.ActiveCfg = Release|Any CPU
		{6C114C37-C0C9-4E40-9238-3B89E44C959D}.Release|Any CPU.Build.0 = Release|Any CPU
	EndGlobalSection
	GlobalSection(SolutionProperties) = preSolution
		HideSolutionNode = FALSE
	EndGlobalSection
	GlobalSection(ExtensibilityGlobals) = postSolution
		SolutionGuid = {3BB6A6D4-A9B5-4195-AE06-54A8F6802E46}
	EndGlobalSection
EndGlobal
